// !$*UTF8*$!
{
	archiveVersion = 1;
	classes = {
	};
	objectVersion = 50;
	objects = {

/* Begin PBXBuildFile section */
		B6A1A4C424A50439004A2A8D /* AppDelegate.swift in Sources */ = {isa = PBXBuildFile; fileRef = B6A1A4C324A50439004A2A8D /* AppDelegate.swift */; };
		B6A1A4C624A50439004A2A8D /* SceneDelegate.swift in Sources */ = {isa = PBXBuildFile; fileRef = B6A1A4C524A50439004A2A8D /* SceneDelegate.swift */; };
		B6A1A4C824A50439004A2A8D /* ViewController.swift in Sources */ = {isa = PBXBuildFile; fileRef = B6A1A4C724A50439004A2A8D /* ViewController.swift */; };
		B6A1A4CD24A50446004A2A8D /* Assets.xcassets in Resources */ = {isa = PBXBuildFile; fileRef = B6A1A4CC24A50446004A2A8D /* Assets.xcassets */; };
		B6A1A4D024A50446004A2A8D /* LaunchScreen.storyboard in Resources */ = {isa = PBXBuildFile; fileRef = B6A1A4CE24A50446004A2A8D /* LaunchScreen.storyboard */; };
		B6A1A4DC24A50678004A2A8D /* SwipingView.swift in Sources */ = {isa = PBXBuildFile; fileRef = B6A1A4DB24A50678004A2A8D /* SwipingView.swift */; };
		B6A1A4E224A66B44004A2A8D /* SwipingContainerView.swift in Sources */ = {isa = PBXBuildFile; fileRef = B6A1A4E124A66B44004A2A8D /* SwipingContainerView.swift */; };
		B6A1A4E824AB4451004A2A8D /* SwipeableView.swift in Sources */ = {isa = PBXBuildFile; fileRef = B6A1A4E724AB4451004A2A8D /* SwipeableView.swift */; };
		B6F78B3D24AD279E00CD675F /* UIViewExtension.swift in Sources */ = {isa = PBXBuildFile; fileRef = B6F78B3C24AD279E00CD675F /* UIViewExtension.swift */; };
		B6F78B3F24AD27C800CD675F /* UIButtonExtension.swift in Sources */ = {isa = PBXBuildFile; fileRef = B6F78B3E24AD27C800CD675F /* UIButtonExtension.swift */; };
		B6F78B4324AD284800CD675F /* NavigationViewController.swift in Sources */ = {isa = PBXBuildFile; fileRef = B6F78B4224AD284800CD675F /* NavigationViewController.swift */; };
		B6F78B6724ADC7CC00CD675F /* DataModel.swift in Sources */ = {isa = PBXBuildFile; fileRef = B6F78B6624ADC7CC00CD675F /* DataModel.swift */; };
/* End PBXBuildFile section */

/* Begin PBXFileReference section */
		B6A1A4C024A50439004A2A8D /* SwipingViewExample.app */ = {isa = PBXFileReference; explicitFileType = wrapper.application; includeInIndex = 0; path = SwipingViewExample.app; sourceTree = BUILT_PRODUCTS_DIR; };
		B6A1A4C324A50439004A2A8D /* AppDelegate.swift */ = {isa = PBXFileReference; lastKnownFileType = sourcecode.swift; path = AppDelegate.swift; sourceTree = "<group>"; };
		B6A1A4C524A50439004A2A8D /* SceneDelegate.swift */ = {isa = PBXFileReference; lastKnownFileType = sourcecode.swift; path = SceneDelegate.swift; sourceTree = "<group>"; };
		B6A1A4C724A50439004A2A8D /* ViewController.swift */ = {isa = PBXFileReference; lastKnownFileType = sourcecode.swift; path = ViewController.swift; sourceTree = "<group>"; };
		B6A1A4CC24A50446004A2A8D /* Assets.xcassets */ = {isa = PBXFileReference; lastKnownFileType = folder.assetcatalog; path = Assets.xcassets; sourceTree = "<group>"; };
		B6A1A4CF24A50446004A2A8D /* Base */ = {isa = PBXFileReference; lastKnownFileType = file.storyboard; name = Base; path = Base.lproj/LaunchScreen.storyboard; sourceTree = "<group>"; };
		B6A1A4D124A50446004A2A8D /* Info.plist */ = {isa = PBXFileReference; lastKnownFileType = text.plist.xml; path = Info.plist; sourceTree = "<group>"; };
		B6A1A4DB24A50678004A2A8D /* SwipingView.swift */ = {isa = PBXFileReference; lastKnownFileType = sourcecode.swift; path = SwipingView.swift; sourceTree = "<group>"; };
		B6A1A4E124A66B44004A2A8D /* SwipingContainerView.swift */ = {isa = PBXFileReference; lastKnownFileType = sourcecode.swift; path = SwipingContainerView.swift; sourceTree = "<group>"; };
		B6A1A4E724AB4451004A2A8D /* SwipeableView.swift */ = {isa = PBXFileReference; lastKnownFileType = sourcecode.swift; path = SwipeableView.swift; sourceTree = "<group>"; };
		B6F78B3C24AD279E00CD675F /* UIViewExtension.swift */ = {isa = PBXFileReference; lastKnownFileType = sourcecode.swift; path = UIViewExtension.swift; sourceTree = "<group>"; };
		B6F78B3E24AD27C800CD675F /* UIButtonExtension.swift */ = {isa = PBXFileReference; lastKnownFileType = sourcecode.swift; path = UIButtonExtension.swift; sourceTree = "<group>"; };
		B6F78B4224AD284800CD675F /* NavigationViewController.swift */ = {isa = PBXFileReference; lastKnownFileType = sourcecode.swift; path = NavigationViewController.swift; sourceTree = "<group>"; };
		B6F78B6624ADC7CC00CD675F /* DataModel.swift */ = {isa = PBXFileReference; lastKnownFileType = sourcecode.swift; path = DataModel.swift; sourceTree = "<group>"; };
/* End PBXFileReference section */

/* Begin PBXFrameworksBuildPhase section */
		B6A1A4BD24A50439004A2A8D /* Frameworks */ = {
			isa = PBXFrameworksBuildPhase;
			buildActionMask = 2147483647;
			files = (
			);
			runOnlyForDeploymentPostprocessing = 0;
		};
/* End PBXFrameworksBuildPhase section */

/* Begin PBXGroup section */
		B6A1A4B724A50439004A2A8D = {
			isa = PBXGroup;
			children = (
				B6A1A4C224A50439004A2A8D /* SwipingViewExample */,
				B6A1A4C324A50439004A2A8D /* AppDelegate.swift */,
				B6A1A4C524A50439004A2A8D /* SceneDelegate.swift */,
				B6A1A4CC24A50446004A2A8D /* Assets.xcassets */,
				B6F78B3C24AD279E00CD675F /* UIViewExtension.swift */,
				B6F78B3E24AD27C800CD675F /* UIButtonExtension.swift */,
				B6A1A4D124A50446004A2A8D /* Info.plist */,
				B6A1A4C124A50439004A2A8D /* Products */,
			);
			sourceTree = "<group>";
		};
		B6A1A4C124A50439004A2A8D /* Products */ = {
			isa = PBXGroup;
			children = (
				B6A1A4C024A50439004A2A8D /* SwipingViewExample.app */,
			);
			name = Products;
			sourceTree = "<group>";
		};
		B6A1A4C224A50439004A2A8D /* SwipingViewExample */ = {
			isa = PBXGroup;
			children = (
				B6F78B6924ADC91200CD675F /* Models */,
				B6F78B6A24ADC93400CD675F /* Views */,
				B6F78B6824ADC90400CD675F /* Controllers */,
			);
			path = SwipingViewExample;
			sourceTree = "<group>";
		};
		B6F78B6824ADC90400CD675F /* Controllers */ = {
			isa = PBXGroup;
			children = (
				B6A1A4C724A50439004A2A8D /* ViewController.swift */,
				B6F78B4224AD284800CD675F /* NavigationViewController.swift */,
			);
			path = Controllers;
			sourceTree = "<group>";
		};
		B6F78B6924ADC91200CD675F /* Models */ = {
			isa = PBXGroup;
			children = (
				B6F78B6624ADC7CC00CD675F /* DataModel.swift */,
			);
			path = Models;
			sourceTree = "<group>";
		};
		B6F78B6A24ADC93400CD675F /* Views */ = {
			isa = PBXGroup;
			children = (
				B6A1A4CE24A50446004A2A8D /* LaunchScreen.storyboard */,
				B6A1A4DB24A50678004A2A8D /* SwipingView.swift */,
				B6A1A4E124A66B44004A2A8D /* SwipingContainerView.swift */,
				B6A1A4E724AB4451004A2A8D /* SwipeableView.swift */,
			);
			path = Views;
			sourceTree = "<group>";
		};
/* End PBXGroup section */

/* Begin PBXNativeTarget section */
		B6A1A4BF24A50439004A2A8D /* SwipingViewExample */ = {
			isa = PBXNativeTarget;
			buildConfigurationList = B6A1A4D424A50446004A2A8D /* Build configuration list for PBXNativeTarget "SwipingViewExample" */;
			buildPhases = (
				B6A1A4BC24A50439004A2A8D /* Sources */,
				B6A1A4BD24A50439004A2A8D /* Frameworks */,
				B6A1A4BE24A50439004A2A8D /* Resources */,
			);
			buildRules = (
			);
			dependencies = (
			);
			name = SwipingViewExample;
			productName = SwipingViewExample;
			productReference = B6A1A4C024A50439004A2A8D /* SwipingViewExample.app */;
			productType = "com.apple.product-type.application";
		};
/* End PBXNativeTarget section */

/* Begin PBXProject section */
		B6A1A4B824A50439004A2A8D /* Project object */ = {
			isa = PBXProject;
			attributes = {
				LastSwiftUpdateCheck = 1140;
				LastUpgradeCheck = 1140;
				ORGANIZATIONNAME = "Jędrzej Chołuj";
				TargetAttributes = {
					B6A1A4BF24A50439004A2A8D = {
						CreatedOnToolsVersion = 11.4;
					};
				};
			};
			buildConfigurationList = B6A1A4BB24A50439004A2A8D /* Build configuration list for PBXProject "SwipingViewExample" */;
			compatibilityVersion = "Xcode 9.3";
			developmentRegion = en;
			hasScannedForEncodings = 0;
			knownRegions = (
				en,
				Base,
			);
			mainGroup = B6A1A4B724A50439004A2A8D;
			productRefGroup = B6A1A4C124A50439004A2A8D /* Products */;
			projectDirPath = "";
			projectRoot = "";
			targets = (
				B6A1A4BF24A50439004A2A8D /* SwipingViewExample */,
			);
		};
/* End PBXProject section */

/* Begin PBXResourcesBuildPhase section */
		B6A1A4BE24A50439004A2A8D /* Resources */ = {
			isa = PBXResourcesBuildPhase;
			buildActionMask = 2147483647;
			files = (
				B6A1A4D024A50446004A2A8D /* LaunchScreen.storyboard in Resources */,
				B6A1A4CD24A50446004A2A8D /* Assets.xcassets in Resources */,
			);
			runOnlyForDeploymentPostprocessing = 0;
		};
/* End PBXResourcesBuildPhase section */

/* Begin PBXSourcesBuildPhase section */
		B6A1A4BC24A50439004A2A8D /* Sources */ = {
			isa = PBXSourcesBuildPhase;
			buildActionMask = 2147483647;
			files = (
				B6A1A4C824A50439004A2A8D /* ViewController.swift in Sources */,
				B6A1A4C424A50439004A2A8D /* AppDelegate.swift in Sources */,
				B6A1A4E824AB4451004A2A8D /* SwipeableView.swift in Sources */,
				B6F78B4324AD284800CD675F /* NavigationViewController.swift in Sources */,
				B6A1A4DC24A50678004A2A8D /* SwipingView.swift in Sources */,
				B6F78B6724ADC7CC00CD675F /* DataModel.swift in Sources */,
				B6F78B3F24AD27C800CD675F /* UIButtonExtension.swift in Sources */,
				B6A1A4E224A66B44004A2A8D /* SwipingContainerView.swift in Sources */,
				B6F78B3D24AD279E00CD675F /* UIViewExtension.swift in Sources */,
				B6A1A4C624A50439004A2A8D /* SceneDelegate.swift in Sources */,
			);
			runOnlyForDeploymentPostprocessing = 0;
		};
/* End PBXSourcesBuildPhase section */

/* Begin PBXVariantGroup section */
		B6A1A4CE24A50446004A2A8D /* LaunchScreen.storyboard */ = {
			isa = PBXVariantGroup;
			children = (
				B6A1A4CF24A50446004A2A8D /* Base */,
			);
			name = LaunchScreen.storyboard;
			sourceTree = "<group>";
		};
/* End PBXVariantGroup section */

/* Begin XCBuildConfiguration section */
		B6A1A4D224A50446004A2A8D /* Debug */ = {
			isa = XCBuildConfiguration;
			buildSettings = {
				ALWAYS_SEARCH_USER_PATHS = NO;
				CLANG_ANALYZER_NONNULL = YES;
				CLANG_ANALYZER_NUMBER_OBJECT_CONVERSION = YES_AGGRESSIVE;
				CLANG_CXX_LANGUAGE_STANDARD = "gnu++14";
				CLANG_CXX_LIBRARY = "libc++";
				CLANG_ENABLE_MODULES = YES;
				CLANG_ENABLE_OBJC_ARC = YES;
				CLANG_ENABLE_OBJC_WEAK = YES;
				CLANG_WARN_BLOCK_CAPTURE_AUTORELEASING = YES;
				CLANG_WARN_BOOL_CONVERSION = YES;
				CLANG_WARN_COMMA = YES;
				CLANG_WARN_CONSTANT_CONVERSION = YES;
				CLANG_WARN_DEPRECATED_OBJC_IMPLEMENTATIONS = YES;
				CLANG_WARN_DIRECT_OBJC_ISA_USAGE = YES_ERROR;
				CLANG_WARN_DOCUMENTATION_COMMENTS = YES;
				CLANG_WARN_EMPTY_BODY = YES;
				CLANG_WARN_ENUM_CONVERSION = YES;
				CLANG_WARN_INFINITE_RECURSION = YES;
				CLANG_WARN_INT_CONVERSION = YES;
				CLANG_WARN_NON_LITERAL_NULL_CONVERSION = YES;
				CLANG_WARN_OBJC_IMPLICIT_RETAIN_SELF = YES;
				CLANG_WARN_OBJC_LITERAL_CONVERSION = YES;
				CLANG_WARN_OBJC_ROOT_CLASS = YES_ERROR;
				CLANG_WARN_RANGE_LOOP_ANALYSIS = YES;
				CLANG_WARN_STRICT_PROTOTYPES = YES;
				CLANG_WARN_SUSPICIOUS_MOVE = YES;
				CLANG_WARN_UNGUARDED_AVAILABILITY = YES_AGGRESSIVE;
				CLANG_WARN_UNREACHABLE_CODE = YES;
				CLANG_WARN__DUPLICATE_METHOD_MATCH = YES;
				COPY_PHASE_STRIP = NO;
				DEBUG_INFORMATION_FORMAT = dwarf;
				ENABLE_STRICT_OBJC_MSGSEND = YES;
				ENABLE_TESTABILITY = YES;
				GCC_C_LANGUAGE_STANDARD = gnu11;
				GCC_DYNAMIC_NO_PIC = NO;
				GCC_NO_COMMON_BLOCKS = YES;
				GCC_OPTIMIZATION_LEVEL = 0;
				GCC_PREPROCESSOR_DEFINITIONS = (
					"DEBUG=1",
					"$(inherited)",
				);
				GCC_WARN_64_TO_32_BIT_CONVERSION = YES;
				GCC_WARN_ABOUT_RETURN_TYPE = YES_ERROR;
				GCC_WARN_UNDECLARED_SELECTOR = YES;
				GCC_WARN_UNINITIALIZED_AUTOS = YES_AGGRESSIVE;
				GCC_WARN_UNUSED_FUNCTION = YES;
				GCC_WARN_UNUSED_VARIABLE = YES;
				IPHONEOS_DEPLOYMENT_TARGET = 13.4;
				MTL_ENABLE_DEBUG_INFO = INCLUDE_SOURCE;
				MTL_FAST_MATH = YES;
				ONLY_ACTIVE_ARCH = YES;
				SDKROOT = iphoneos;
				SWIFT_ACTIVE_COMPILATION_CONDITIONS = DEBUG;
				SWIFT_OPTIMIZATION_LEVEL = "-Onone";
			};
			name = Debug;
		};
		B6A1A4D324A50446004A2A8D /* Release */ = {
			isa = XCBuildConfiguration;
			buildSettings = {
				ALWAYS_SEARCH_USER_PATHS = NO;
				CLANG_ANALYZER_NONNULL = YES;
				CLANG_ANALYZER_NUMBER_OBJECT_CONVERSION = YES_AGGRESSIVE;
				CLANG_CXX_LANGUAGE_STANDARD = "gnu++14";
				CLANG_CXX_LIBRARY = "libc++";
				CLANG_ENABLE_MODULES = YES;
				CLANG_ENABLE_OBJC_ARC = YES;
				CLANG_ENABLE_OBJC_WEAK = YES;
				CLANG_WARN_BLOCK_CAPTURE_AUTORELEASING = YES;
				CLANG_WARN_BOOL_CONVERSION = YES;
				CLANG_WARN_COMMA = YES;
				CLANG_WARN_CONSTANT_CONVERSION = YES;
				CLANG_WARN_DEPRECATED_OBJC_IMPLEMENTATIONS = YES;
				CLANG_WARN_DIRECT_OBJC_ISA_USAGE = YES_ERROR;
				CLANG_WARN_DOCUMENTATION_COMMENTS = YES;
				CLANG_WARN_EMPTY_BODY = YES;
				CLANG_WARN_ENUM_CONVERSION = YES;
				CLANG_WARN_INFINITE_RECURSION = YES;
				CLANG_WARN_INT_CONVERSION = YES;
				CLANG_WARN_NON_LITERAL_NULL_CONVERSION = YES;
				CLANG_WARN_OBJC_IMPLICIT_RETAIN_SELF = YES;
				CLANG_WARN_OBJC_LITERAL_CONVERSION = YES;
				CLANG_WARN_OBJC_ROOT_CLASS = YES_ERROR;
				CLANG_WARN_RANGE_LOOP_ANALYSIS = YES;
				CLANG_WARN_STRICT_PROTOTYPES = YES;
				CLANG_WARN_SUSPICIOUS_MOVE = YES;
				CLANG_WARN_UNGUARDED_AVAILABILITY = YES_AGGRESSIVE;
				CLANG_WARN_UNREACHABLE_CODE = YES;
				CLANG_WARN__DUPLICATE_METHOD_MATCH = YES;
				COPY_PHASE_STRIP = NO;
				DEBUG_INFORMATION_FORMAT = "dwarf-with-dsym";
				ENABLE_NS_ASSERTIONS = NO;
				ENABLE_STRICT_OBJC_MSGSEND = YES;
				GCC_C_LANGUAGE_STANDARD = gnu11;
				GCC_NO_COMMON_BLOCKS = YES;
				GCC_WARN_64_TO_32_BIT_CONVERSION = YES;
				GCC_WARN_ABOUT_RETURN_TYPE = YES_ERROR;
				GCC_WARN_UNDECLARED_SELECTOR = YES;
				GCC_WARN_UNINITIALIZED_AUTOS = YES_AGGRESSIVE;
				GCC_WARN_UNUSED_FUNCTION = YES;
				GCC_WARN_UNUSED_VARIABLE = YES;
				IPHONEOS_DEPLOYMENT_TARGET = 13.4;
				MTL_ENABLE_DEBUG_INFO = NO;
				MTL_FAST_MATH = YES;
				SDKROOT = iphoneos;
				SWIFT_COMPILATION_MODE = wholemodule;
				SWIFT_OPTIMIZATION_LEVEL = "-O";
				VALIDATE_PRODUCT = YES;
			};
			name = Release;
		};
		B6A1A4D524A50446004A2A8D /* Debug */ = {
			isa = XCBuildConfiguration;
			buildSettings = {
				ASSETCATALOG_COMPILER_APPICON_NAME = AppIcon;
				CODE_SIGN_STYLE = Automatic;
				DEVELOPMENT_TEAM = 8UFWG2VBLB;
				INFOPLIST_FILE = "$(SRCROOT)/Info.plist";
				LD_RUNPATH_SEARCH_PATHS = (
					"$(inherited)",
					"@executable_path/Frameworks",
				);
				PRODUCT_BUNDLE_IDENTIFIER = com.jedrzejcholuj.SwipingViewExample;
				PRODUCT_NAME = "$(TARGET_NAME)";
				SWIFT_VERSION = 5.0;
				TARGETED_DEVICE_FAMILY = "1,2";
			};
			name = Debug;
		};
		B6A1A4D624A50446004A2A8D /* Release */ = {
			isa = XCBuildConfiguration;
			buildSettings = {
				ASSETCATALOG_COMPILER_APPICON_NAME = AppIcon;
				CODE_SIGN_STYLE = Automatic;
				DEVELOPMENT_TEAM = 8UFWG2VBLB;
				INFOPLIST_FILE = "$(SRCROOT)/Info.plist";
				LD_RUNPATH_SEARCH_PATHS = (
					"$(inherited)",
					"@executable_path/Frameworks",
				);
				PRODUCT_BUNDLE_IDENTIFIER = com.jedrzejcholuj.SwipingViewExample;
				PRODUCT_NAME = "$(TARGET_NAME)";
				SWIFT_VERSION = 5.0;
				TARGETED_DEVICE_FAMILY = "1,2";
			};
			name = Release;
		};
/* End XCBuildConfiguration section */

/* Begin XCConfigurationList section */
		B6A1A4BB24A50439004A2A8D /* Build configuration list for PBXProject "SwipingViewExample" */ = {
			isa = XCConfigurationList;
			buildConfigurations = (
				B6A1A4D224A50446004A2A8D /* Debug */,
				B6A1A4D324A50446004A2A8D /* Release */,
			);
			defaultConfigurationIsVisible = 0;
			defaultConfigurationName = Release;
		};
		B6A1A4D424A50446004A2A8D /* Build configuration list for PBXNativeTarget "SwipingViewExample" */ = {
			isa = XCConfigurationList;
			buildConfigurations = (
				B6A1A4D524A50446004A2A8D /* Debug */,
				B6A1A4D624A50446004A2A8D /* Release */,
			);
			defaultConfigurationIsVisible = 0;
			defaultConfigurationName = Release;
		};
/* End XCConfigurationList section */
	};
	rootObject = B6A1A4B824A50439004A2A8D /* Project object */;
}
